
Microsoft Visual Studio Solution File, Format Version 12.00
Project("{FAE04EC0-301F-11D3-BF4B-00C04F79EFBC}") = "Agent.WindowsService", "src\Agent.WindowsService\Agent.WindowsService.csproj", "{AE957F8E-9B37-4BA1-A223-F43B0FD14B1A}"
EndProject
Project("{FAE04EC0-301F-11D3-BF4B-00C04F79EFBC}") = "Server.Api", "src\Server.Api\Server.Api.csproj", "{8CEFAA01-7D79-4EF1-B541-9F6135EBD297}"
EndProject
Project("{FAE04EC0-301F-11D3-BF4B-00C04F79EFBC}") = "Common", "src\Common\Common.csproj", "{F7219C52-59C4-4E33-9A88-5CD99F080213}"
EndProject
Project("{FAE04EC0-301F-11D3-BF4B-00C04F79EFBC}") = "Server.InstructionWorker", "src\Server.InstructionWorker\Server.InstructionWorker.csproj", "{18747A5D-3484-48E6-836B-483D95E29CD0}"
EndProject
Project("{FAE04EC0-301F-11D3-BF4B-00C04F79EFBC}") = "Server.MetricWorker", "src\Server.MetricWorker\Server.MetricWorker.csproj", "{AB67581C-D6F9-4854-BA35-CCA8BDBD9FDA}"
EndProject
Project("{FAE04EC0-301F-11D3-BF4B-00C04F79EFBC}") = "Server.Domain", "src\Server.Domain\Server.Domain.csproj", "{36430F8F-58B2-41DF-949C-88F2E9B2D948}"
EndProject
Project("{FAE04EC0-301F-11D3-BF4B-00C04F79EFBC}") = "Server.Ingest", "src\Server.Ingest\Server.Ingest.csproj", "{E2396E68-EB3D-426A-A5D3-64E8A4D3FB50}"
EndProject
Project("{2150E333-8FDC-42A3-9474-1A3956D46DE8}") = "tests", "tests", "{0AB3BF05-4346-4AA6-1389-037BE0695223}"
EndProject
Project("{FAE04EC0-301F-11D3-BF4B-00C04F79EFBC}") = "Server.Api.Tests", "tests\Server.Api.Tests\Server.Api.Tests.csproj", "{FB628238-8E4E-4C21-A5F5-6B833507B362}"
EndProject
Project("{FAE04EC0-301F-11D3-BF4B-00C04F79EFBC}") = "Server.Ingest.Tests", "tests\Server.Ingest.Tests\Server.Ingest.Tests.csproj", "{C8D04A5B-7F2E-4930-8145-9C3B6F172E40}"
EndProject
Project("{FAE04EC0-301F-11D3-BF4B-00C04F79EFBC}") = "Server.InstructionWorker.Tests", "tests\Server.InstructionWorker.Tests\Server.InstructionWorker.Tests.csproj", "{D1E2F3A4-B5C6-7890-ABCD-EF1234560001}"
EndProject
Project("{FAE04EC0-301F-11D3-BF4B-00C04F79EFBC}") = "Server.MetricWorker.Tests", "tests\Server.MetricWorker.Tests\Server.MetricWorker.Tests.csproj", "{D1E2F3A4-B5C6-7890-ABCD-EF1234560002}"
EndProject
Project("{2150E333-8FDC-42A3-9474-1A3956D46DE8}") = "src", "src", "{827E0CD3-B72D-47B6-A68D-7590B98EB39B}"
EndProject
Global
	GlobalSection(SolutionConfigurationPlatforms) = preSolution
		Debug|Any CPU = Debug|Any CPU
		Debug|x64 = Debug|x64
		Debug|x86 = Debug|x86
		Release|Any CPU = Release|Any CPU
		Release|x64 = Release|x64
		Release|x86 = Release|x86
	EndGlobalSection
	GlobalSection(ProjectConfigurationPlatforms) = postSolution
		{AE957F8E-9B37-4BA1-A223-F43B0FD14B1A}.Debug|Any CPU.ActiveCfg = Debug|Any CPU
		{AE957F8E-9B37-4BA1-A223-F43B0FD14B1A}.Debug|Any CPU.Build.0 = Debug|Any CPU
		{AE957F8E-9B37-4BA1-A223-F43B0FD14B1A}.Debug|x64.ActiveCfg = Debug|Any CPU
		{AE957F8E-9B37-4BA1-A223-F43B0FD14B1A}.Debug|x64.Build.0 = Debug|Any CPU
		{AE957F8E-9B37-4BA1-A223-F43B0FD14B1A}.Debug|x86.ActiveCfg = Debug|Any CPU
		{AE957F8E-9B37-4BA1-A223-F43B0FD14B1A}.Debug|x86.Build.0 = Debug|Any CPU
		{AE957F8E-9B37-4BA1-A223-F43B0FD14B1A}.Release|Any CPU.ActiveCfg = Release|Any CPU
		{AE957F8E-9B37-4BA1-A223-F43B0FD14B1A}.Release|Any CPU.Build.0 = Release|Any CPU
		{AE957F8E-9B37-4BA1-A223-F43B0FD14B1A}.Release|x64.ActiveCfg = Release|Any CPU
		{AE957F8E-9B37-4BA1-A223-F43B0FD14B1A}.Release|x64.Build.0 = Release|Any CPU
		{AE957F8E-9B37-4BA1-A223-F43B0FD14B1A}.Release|x86.ActiveCfg = Release|Any CPU
		{AE957F8E-9B37-4BA1-A223-F43B0FD14B1A}.Release|x86.Build.0 = Release|Any CPU
		{8CEFAA01-7D79-4EF1-B541-9F6135EBD297}.Debug|Any CPU.ActiveCfg = Debug|Any CPU
		{8CEFAA01-7D79-4EF1-B541-9F6135EBD297}.Debug|Any CPU.Build.0 = Debug|Any CPU
		{8CEFAA01-7D79-4EF1-B541-9F6135EBD297}.Debug|x64.ActiveCfg = Debug|Any CPU
		{8CEFAA01-7D79-4EF1-B541-9F6135EBD297}.Debug|x64.Build.0 = Debug|Any CPU
		{8CEFAA01-7D79-4EF1-B541-9F6135EBD297}.Debug|x86.ActiveCfg = Debug|Any CPU
		{8CEFAA01-7D79-4EF1-B541-9F6135EBD297}.Debug|x86.Build.0 = Debug|Any CPU
		{8CEFAA01-7D79-4EF1-B541-9F6135EBD297}.Release|Any CPU.ActiveCfg = Release|Any CPU
		{8CEFAA01-7D79-4EF1-B541-9F6135EBD297}.Release|Any CPU.Build.0 = Release|Any CPU
		{8CEFAA01-7D79-4EF1-B541-9F6135EBD297}.Release|x64.ActiveCfg = Release|Any CPU
		{8CEFAA01-7D79-4EF1-B541-9F6135EBD297}.Release|x64.Build.0 = Release|Any CPU
		{8CEFAA01-7D79-4EF1-B541-9F6135EBD297}.Release|x86.ActiveCfg = Release|Any CPU
		{8CEFAA01-7D79-4EF1-B541-9F6135EBD297}.Release|x86.Build.0 = Release|Any CPU
		{F7219C52-59C4-4E33-9A88-5CD99F080213}.Debug|Any CPU.ActiveCfg = Debug|Any CPU
		{F7219C52-59C4-4E33-9A88-5CD99F080213}.Debug|Any CPU.Build.0 = Debug|Any CPU
		{F7219C52-59C4-4E33-9A88-5CD99F080213}.Debug|x64.ActiveCfg = Debug|Any CPU
		{F7219C52-59C4-4E33-9A88-5CD99F080213}.Debug|x64.Build.0 = Debug|Any CPU
		{F7219C52-59C4-4E33-9A88-5CD99F080213}.Debug|x86.ActiveCfg = Debug|Any CPU
		{F7219C52-59C4-4E33-9A88-5CD99F080213}.Debug|x86.Build.0 = Debug|Any CPU
		{F7219C52-59C4-4E33-9A88-5CD99F080213}.Release|Any CPU.ActiveCfg = Release|Any CPU
		{F7219C52-59C4-4E33-9A88-5CD99F080213}.Release|Any CPU.Build.0 = Release|Any CPU
		{F7219C52-59C4-4E33-9A88-5CD99F080213}.Release|x64.ActiveCfg = Release|Any CPU
		{F7219C52-59C4-4E33-9A88-5CD99F080213}.Release|x64.Build.0 = Release|Any CPU
		{F7219C52-59C4-4E33-9A88-5CD99F080213}.Release|x86.ActiveCfg = Release|Any CPU
		{F7219C52-59C4-4E33-9A88-5CD99F080213}.Release|x86.Build.0 = Release|Any CPU
		{18747A5D-3484-48E6-836B-483D95E29CD0}.Debug|Any CPU.ActiveCfg = Debug|Any CPU
		{18747A5D-3484-48E6-836B-483D95E29CD0}.Debug|Any CPU.Build.0 = Debug|Any CPU
		{18747A5D-3484-48E6-836B-483D95E29CD0}.Debug|x64.ActiveCfg = Debug|Any CPU
		{18747A5D-3484-48E6-836B-483D95E29CD0}.Debug|x64.Build.0 = Debug|Any CPU
		{18747A5D-3484-48E6-836B-483D95E29CD0}.Debug|x86.ActiveCfg = Debug|Any CPU
		{18747A5D-3484-48E6-836B-483D95E29CD0}.Debug|x86.Build.0 = Debug|Any CPU
		{18747A5D-3484-48E6-836B-483D95E29CD0}.Release|Any CPU.ActiveCfg = Release|Any CPU
		{18747A5D-3484-48E6-836B-483D95E29CD0}.Release|Any CPU.Build.0 = Release|Any CPU
		{18747A5D-3484-48E6-836B-483D95E29CD0}.Release|x64.ActiveCfg = Release|Any CPU
		{18747A5D-3484-48E6-836B-483D95E29CD0}.Release|x64.Build.0 = Release|Any CPU
		{18747A5D-3484-48E6-836B-483D95E29CD0}.Release|x86.ActiveCfg = Release|Any CPU
		{18747A5D-3484-48E6-836B-483D95E29CD0}.Release|x86.Build.0 = Release|Any CPU
		{AB67581C-D6F9-4854-BA35-CCA8BDBD9FDA}.Debug|Any CPU.ActiveCfg = Debug|Any CPU
		{AB67581C-D6F9-4854-BA35-CCA8BDBD9FDA}.Debug|Any CPU.Build.0 = Debug|Any CPU
		{AB67581C-D6F9-4854-BA35-CCA8BDBD9FDA}.Debug|x64.ActiveCfg = Debug|Any CPU
		{AB67581C-D6F9-4854-BA35-CCA8BDBD9FDA}.Debug|x64.Build.0 = Debug|Any CPU
		{AB67581C-D6F9-4854-BA35-CCA8BDBD9FDA}.Debug|x86.ActiveCfg = Debug|Any CPU
		{AB67581C-D6F9-4854-BA35-CCA8BDBD9FDA}.Debug|x86.Build.0 = Debug|Any CPU
		{AB67581C-D6F9-4854-BA35-CCA8BDBD9FDA}.Release|Any CPU.ActiveCfg = Release|Any CPU
		{AB67581C-D6F9-4854-BA35-CCA8BDBD9FDA}.Release|Any CPU.Build.0 = Release|Any CPU
		{AB67581C-D6F9-4854-BA35-CCA8BDBD9FDA}.Release|x64.ActiveCfg = Release|Any CPU
		{AB67581C-D6F9-4854-BA35-CCA8BDBD9FDA}.Release|x64.Build.0 = Release|Any CPU
		{AB67581C-D6F9-4854-BA35-CCA8BDBD9FDA}.Release|x86.ActiveCfg = Release|Any CPU
		{AB67581C-D6F9-4854-BA35-CCA8BDBD9FDA}.Release|x86.Build.0 = Release|Any CPU
		{36430F8F-58B2-41DF-949C-88F2E9B2D948}.Debug|Any CPU.ActiveCfg = Debug|Any CPU
		{36430F8F-58B2-41DF-949C-88F2E9B2D948}.Debug|Any CPU.Build.0 = Debug|Any CPU
		{36430F8F-58B2-41DF-949C-88F2E9B2D948}.Debug|x64.ActiveCfg = Debug|Any CPU
		{36430F8F-58B2-41DF-949C-88F2E9B2D948}.Debug|x64.Build.0 = Debug|Any CPU
		{36430F8F-58B2-41DF-949C-88F2E9B2D948}.Debug|x86.ActiveCfg = Debug|Any CPU
		{36430F8F-58B2-41DF-949C-88F2E9B2D948}.Debug|x86.Build.0 = Debug|Any CPU
		{36430F8F-58B2-41DF-949C-88F2E9B2D948}.Release|Any CPU.ActiveCfg = Release|Any CPU
		{36430F8F-58B2-41DF-949C-88F2E9B2D948}.Release|Any CPU.Build.0 = Release|Any CPU
		{36430F8F-58B2-41DF-949C-88F2E9B2D948}.Release|x64.ActiveCfg = Release|Any CPU
		{36430F8F-58B2-41DF-949C-88F2E9B2D948}.Release|x64.Build.0 = Release|Any CPU
		{36430F8F-58B2-41DF-949C-88F2E9B2D948}.Release|x86.ActiveCfg = Release|Any CPU
		{36430F8F-58B2-41DF-949C-88F2E9B2D948}.Release|x86.Build.0 = Release|Any CPU
		{E2396E68-EB3D-426A-A5D3-64E8A4D3FB50}.Debug|Any CPU.ActiveCfg = Debug|Any CPU
		{E2396E68-EB3D-426A-A5D3-64E8A4D3FB50}.Debug|Any CPU.Build.0 = Debug|Any CPU
		{E2396E68-EB3D-426A-A5D3-64E8A4D3FB50}.Debug|x64.ActiveCfg = Debug|Any CPU
		{E2396E68-EB3D-426A-A5D3-64E8A4D3FB50}.Debug|x64.Build.0 = Debug|Any CPU
		{E2396E68-EB3D-426A-A5D3-64E8A4D3FB50}.Debug|x86.ActiveCfg = Debug|Any CPU
		{E2396E68-EB3D-426A-A5D3-64E8A4D3FB50}.Debug|x86.Build.0 = Debug|Any CPU
		{E2396E68-EB3D-426A-A5D3-64E8A4D3FB50}.Release|Any CPU.ActiveCfg = Release|Any CPU
		{E2396E68-EB3D-426A-A5D3-64E8A4D3FB50}.Release|Any CPU.Build.0 = Release|Any CPU
		{E2396E68-EB3D-426A-A5D3-64E8A4D3FB50}.Release|x64.ActiveCfg = Release|Any CPU
		{E2396E68-EB3D-426A-A5D3-64E8A4D3FB50}.Release|x64.Build.0 = Release|Any CPU
		{E2396E68-EB3D-426A-A5D3-64E8A4D3FB50}.Release|x86.ActiveCfg = Release|Any CPU
		{E2396E68-EB3D-426A-A5D3-64E8A4D3FB50}.Release|x86.Build.0 = Release|Any CPU
		{FB628238-8E4E-4C21-A5F5-6B833507B362}.Debug|Any CPU.ActiveCfg = Debug|Any CPU
		{FB628238-8E4E-4C21-A5F5-6B833507B362}.Debug|Any CPU.Build.0 = Debug|Any CPU
		{FB628238-8E4E-4C21-A5F5-6B833507B362}.Debug|x64.ActiveCfg = Debug|Any CPU
		{FB628238-8E4E-4C21-A5F5-6B833507B362}.Debug|x64.Build.0 = Debug|Any CPU
		{FB628238-8E4E-4C21-A5F5-6B833507B362}.Debug|x86.ActiveCfg = Debug|Any CPU
		{FB628238-8E4E-4C21-A5F5-6B833507B362}.Debug|x86.Build.0 = Debug|Any CPU
		{FB628238-8E4E-4C21-A5F5-6B833507B362}.Release|Any CPU.ActiveCfg = Release|Any CPU
		{FB628238-8E4E-4C21-A5F5-6B833507B362}.Release|Any CPU.Build.0 = Release|Any CPU
		{FB628238-8E4E-4C21-A5F5-6B833507B362}.Release|x64.ActiveCfg = Release|Any CPU
		{FB628238-8E4E-4C21-A5F5-6B833507B362}.Release|x64.Build.0 = Release|Any CPU
		{FB628238-8E4E-4C21-A5F5-6B833507B362}.Release|x86.ActiveCfg = Release|Any CPU
		{FB628238-8E4E-4C21-A5F5-6B833507B362}.Release|x86.Build.0 = Release|Any CPU
		{C8D04A5B-7F2E-4930-8145-9C3B6F172E40}.Debug|Any CPU.ActiveCfg = Debug|Any CPU
		{C8D04A5B-7F2E-4930-8145-9C3B6F172E40}.Debug|Any CPU.Build.0 = Debug|Any CPU
		{C8D04A5B-7F2E-4930-8145-9C3B6F172E40}.Debug|x64.ActiveCfg = Debug|Any CPU
		{C8D04A5B-7F2E-4930-8145-9C3B6F172E40}.Debug|x64.Build.0 = Debug|Any CPU
		{C8D04A5B-7F2E-4930-8145-9C3B6F172E40}.Debug|x86.ActiveCfg = Debug|Any CPU
		{C8D04A5B-7F2E-4930-8145-9C3B6F172E40}.Debug|x86.Build.0 = Debug|Any CPU
		{C8D04A5B-7F2E-4930-8145-9C3B6F172E40}.Release|Any CPU.ActiveCfg = Release|Any CPU
		{C8D04A5B-7F2E-4930-8145-9C3B6F172E40}.Release|Any CPU.Build.0 = Release|Any CPU
		{C8D04A5B-7F2E-4930-8145-9C3B6F172E40}.Release|x64.ActiveCfg = Release|Any CPU
		{C8D04A5B-7F2E-4930-8145-9C3B6F172E40}.Release|x64.Build.0 = Release|Any CPU
		{C8D04A5B-7F2E-4930-8145-9C3B6F172E40}.Release|x86.ActiveCfg = Release|Any CPU
		{C8D04A5B-7F2E-4930-8145-9C3B6F172E40}.Release|x86.Build.0 = Release|Any CPU
		{D1E2F3A4-B5C6-7890-ABCD-EF1234560001}.Debug|Any CPU.ActiveCfg = Debug|Any CPU
		{D1E2F3A4-B5C6-7890-ABCD-EF1234560001}.Debug|Any CPU.Build.0 = Debug|Any CPU
		{D1E2F3A4-B5C6-7890-ABCD-EF1234560001}.Debug|x64.ActiveCfg = Debug|Any CPU
		{D1E2F3A4-B5C6-7890-ABCD-EF1234560001}.Debug|x64.Build.0 = Debug|Any CPU
		{D1E2F3A4-B5C6-7890-ABCD-EF1234560001}.Debug|x86.ActiveCfg = Debug|Any CPU
		{D1E2F3A4-B5C6-7890-ABCD-EF1234560001}.Debug|x86.Build.0 = Debug|Any CPU
		{D1E2F3A4-B5C6-7890-ABCD-EF1234560001}.Release|Any CPU.ActiveCfg = Release|Any CPU
		{D1E2F3A4-B5C6-7890-ABCD-EF1234560001}.Release|Any CPU.Build.0 = Release|Any CPU
		{D1E2F3A4-B5C6-7890-ABCD-EF1234560001}.Release|x64.ActiveCfg = Release|Any CPU
		{D1E2F3A4-B5C6-7890-ABCD-EF1234560001}.Release|x64.Build.0 = Release|Any CPU
		{D1E2F3A4-B5C6-7890-ABCD-EF1234560001}.Release|x86.ActiveCfg = Release|Any CPU
		{D1E2F3A4-B5C6-7890-ABCD-EF1234560001}.Release|x86.Build.0 = Release|Any CPU
		{D1E2F3A4-B5C6-7890-ABCD-EF1234560002}.Debug|Any CPU.ActiveCfg = Debug|Any CPU
		{D1E2F3A4-B5C6-7890-ABCD-EF1234560002}.Debug|Any CPU.Build.0 = Debug|Any CPU
		{D1E2F3A4-B5C6-7890-ABCD-EF1234560002}.Debug|x64.ActiveCfg = Debug|Any CPU
		{D1E2F3A4-B5C6-7890-ABCD-EF1234560002}.Debug|x64.Build.0 = Debug|Any CPU
		{D1E2F3A4-B5C6-7890-ABCD-EF1234560002}.Debug|x86.ActiveCfg = Debug|Any CPU
		{D1E2F3A4-B5C6-7890-ABCD-EF1234560002}.Debug|x86.Build.0 = Debug|Any CPU
		{D1E2F3A4-B5C6-7890-ABCD-EF1234560002}.Release|Any CPU.ActiveCfg = Release|Any CPU
		{D1E2F3A4-B5C6-7890-ABCD-EF1234560002}.Release|Any CPU.Build.0 = Release|Any CPU
		{D1E2F3A4-B5C6-7890-ABCD-EF1234560002}.Release|x64.ActiveCfg = Release|Any CPU
		{D1E2F3A4-B5C6-7890-ABCD-EF1234560002}.Release|x64.Build.0 = Release|Any CPU
		{D1E2F3A4-B5C6-7890-ABCD-EF1234560002}.Release|x86.ActiveCfg = Release|Any CPU
		{D1E2F3A4-B5C6-7890-ABCD-EF1234560002}.Release|x86.Build.0 = Release|Any CPU
	EndGlobalSection
	GlobalSection(SolutionProperties) = preSolution
		HideSolutionNode = FALSE
	EndGlobalSection
	GlobalSection(NestedProjects) = preSolution
		{FB628238-8E4E-4C21-A5F5-6B833507B362} = {0AB3BF05-4346-4AA6-1389-037BE0695223}
		{C8D04A5B-7F2E-4930-8145-9C3B6F172E40} = {0AB3BF05-4346-4AA6-1389-037BE0695223}
		{D1E2F3A4-B5C6-7890-ABCD-EF1234560001} = {0AB3BF05-4346-4AA6-1389-037BE0695223}
		{D1E2F3A4-B5C6-7890-ABCD-EF1234560002} = {0AB3BF05-4346-4AA6-1389-037BE0695223}
		{AE957F8E-9B37-4BA1-A223-F43B0FD14B1A} = {827E0CD3-B72D-47B6-A68D-7590B98EB39B}
		{F7219C52-59C4-4E33-9A88-5CD99F080213} = {827E0CD3-B72D-47B6-A68D-7590B98EB39B}
		{8CEFAA01-7D79-4EF1-B541-9F6135EBD297} = {827E0CD3-B72D-47B6-A68D-7590B98EB39B}
		{36430F8F-58B2-41DF-949C-88F2E9B2D948} = {827E0CD3-B72D-47B6-A68D-7590B98EB39B}
		{E2396E68-EB3D-426A-A5D3-64E8A4D3FB50} = {827E0CD3-B72D-47B6-A68D-7590B98EB39B}
		{18747A5D-3484-48E6-836B-483D95E29CD0} = {827E0CD3-B72D-47B6-A68D-7590B98EB39B}
		{AB67581C-D6F9-4854-BA35-CCA8BDBD9FDA} = {827E0CD3-B72D-47B6-A68D-7590B98EB39B}
	EndGlobalSection
EndGlobal
