
Microsoft Visual Studio Solution File, Format Version 12.00
Project("{FAE04EC0-301F-11D3-BF4B-00C04F79EFBC}") = "Agent.WindowsService", "src\Agent.WindowsService\Agent.WindowsService.csproj", "{AE957F8E-9B37-4BA1-A223-F43B0FD14B1A}"
EndProject
Project("{2150E333-8FDC-42A3-9474-1A3956D46DE8}") = "New", "New", "{196A871C-8ACE-48D5-B7E6-9AD30959FB51}"
EndProject
Project("{FAE04EC0-301F-11D3-BF4B-00C04F79EFBC}") = "Server.Api", "src\Server.Api\Server.Api.csproj", "{8CEFAA01-7D79-4EF1-B541-9F6135EBD297}"
EndProject
Project("{FAE04EC0-301F-11D3-BF4B-00C04F79EFBC}") = "Common", "src\Common\Common.csproj", "{F7219C52-59C4-4E33-9A88-5CD99F080213}"
EndProject
Project("{FAE04EC0-301F-11D3-BF4B-00C04F79EFBC}") = "Server.InstructionWorker", "src\Server.InstructionWorker\Server.InstructionWorker.csproj", "{18747A5D-3484-48E6-836B-483D95E29CD0}"
EndProject
Project("{FAE04EC0-301F-11D3-BF4B-00C04F79EFBC}") = "Server.MetricWorker", "src\Server.MetricWorker\Server.MetricWorker.csproj", "{AB67581C-D6F9-4854-BA35-CCA8BDBD9FDA}"
EndProject
Project("{FAE04EC0-301F-11D3-BF4B-00C04F79EFBC}") = "Server.Domain", "src\Server.Domain\Server.Domain.csproj", "{36430F8F-58B2-41DF-949C-88F2E9B2D948}"
EndProject
Project("{FAE04EC0-301F-11D3-BF4B-00C04F79EFBC}") = "Server.Ingest", "src\Server.Ingest\Server.Ingest.csproj", "{E2396E68-EB3D-426A-A5D3-64E8A4D3FB50}"
EndProject
Global
	GlobalSection(SolutionConfigurationPlatforms) = preSolution
		Debug|Any CPU = Debug|Any CPU
		Release|Any CPU = Release|Any CPU
	EndGlobalSection
	GlobalSection(NestedProjects) = preSolution
		{AE957F8E-9B37-4BA1-A223-F43B0FD14B1A} = {196A871C-8ACE-48D5-B7E6-9AD30959FB51}
		{8CEFAA01-7D79-4EF1-B541-9F6135EBD297} = {196A871C-8ACE-48D5-B7E6-9AD30959FB51}
		{F7219C52-59C4-4E33-9A88-5CD99F080213} = {196A871C-8ACE-48D5-B7E6-9AD30959FB51}
		{18747A5D-3484-48E6-836B-483D95E29CD0} = {196A871C-8ACE-48D5-B7E6-9AD30959FB51}
		{AB67581C-D6F9-4854-BA35-CCA8BDBD9FDA} = {196A871C-8ACE-48D5-B7E6-9AD30959FB51}
		{36430F8F-58B2-41DF-949C-88F2E9B2D948} = {196A871C-8ACE-48D5-B7E6-9AD30959FB51}
		{E2396E68-EB3D-426A-A5D3-64E8A4D3FB50} = {196A871C-8ACE-48D5-B7E6-9AD30959FB51}
	EndGlobalSection
	GlobalSection(ProjectConfigurationPlatforms) = postSolution
		{AE957F8E-9B37-4BA1-A223-F43B0FD14B1A}.Debug|Any CPU.ActiveCfg = Debug|Any CPU
		{AE957F8E-9B37-4BA1-A223-F43B0FD14B1A}.Debug|Any CPU.Build.0 = Debug|Any CPU
		{AE957F8E-9B37-4BA1-A223-F43B0FD14B1A}.Release|Any CPU.ActiveCfg = Release|Any CPU
		{AE957F8E-9B37-4BA1-A223-F43B0FD14B1A}.Release|Any CPU.Build.0 = Release|Any CPU
		{8CEFAA01-7D79-4EF1-B541-9F6135EBD297}.Debug|Any CPU.ActiveCfg = Debug|Any CPU
		{8CEFAA01-7D79-4EF1-B541-9F6135EBD297}.Debug|Any CPU.Build.0 = Debug|Any CPU
		{8CEFAA01-7D79-4EF1-B541-9F6135EBD297}.Release|Any CPU.ActiveCfg = Release|Any CPU
		{8CEFAA01-7D79-4EF1-B541-9F6135EBD297}.Release|Any CPU.Build.0 = Release|Any CPU
		{F7219C52-59C4-4E33-9A88-5CD99F080213}.Debug|Any CPU.ActiveCfg = Debug|Any CPU
		{F7219C52-59C4-4E33-9A88-5CD99F080213}.Debug|Any CPU.Build.0 = Debug|Any CPU
		{F7219C52-59C4-4E33-9A88-5CD99F080213}.Release|Any CPU.ActiveCfg = Release|Any CPU
		{F7219C52-59C4-4E33-9A88-5CD99F080213}.Release|Any CPU.Build.0 = Release|Any CPU
		{18747A5D-3484-48E6-836B-483D95E29CD0}.Debug|Any CPU.ActiveCfg = Debug|Any CPU
		{18747A5D-3484-48E6-836B-483D95E29CD0}.Debug|Any CPU.Build.0 = Debug|Any CPU
		{18747A5D-3484-48E6-836B-483D95E29CD0}.Release|Any CPU.ActiveCfg = Release|Any CPU
		{18747A5D-3484-48E6-836B-483D95E29CD0}.Release|Any CPU.Build.0 = Release|Any CPU
		{AB67581C-D6F9-4854-BA35-CCA8BDBD9FDA}.Debug|Any CPU.ActiveCfg = Debug|Any CPU
		{AB67581C-D6F9-4854-BA35-CCA8BDBD9FDA}.Debug|Any CPU.Build.0 = Debug|Any CPU
		{AB67581C-D6F9-4854-BA35-CCA8BDBD9FDA}.Release|Any CPU.ActiveCfg = Release|Any CPU
		{AB67581C-D6F9-4854-BA35-CCA8BDBD9FDA}.Release|Any CPU.Build.0 = Release|Any CPU
		{36430F8F-58B2-41DF-949C-88F2E9B2D948}.Debug|Any CPU.ActiveCfg = Debug|Any CPU
		{36430F8F-58B2-41DF-949C-88F2E9B2D948}.Debug|Any CPU.Build.0 = Debug|Any CPU
		{36430F8F-58B2-41DF-949C-88F2E9B2D948}.Release|Any CPU.ActiveCfg = Release|Any CPU
		{36430F8F-58B2-41DF-949C-88F2E9B2D948}.Release|Any CPU.Build.0 = Release|Any CPU
		{E2396E68-EB3D-426A-A5D3-64E8A4D3FB50}.Debug|Any CPU.ActiveCfg = Debug|Any CPU
		{E2396E68-EB3D-426A-A5D3-64E8A4D3FB50}.Debug|Any CPU.Build.0 = Debug|Any CPU
		{E2396E68-EB3D-426A-A5D3-64E8A4D3FB50}.Release|Any CPU.ActiveCfg = Release|Any CPU
		{E2396E68-EB3D-426A-A5D3-64E8A4D3FB50}.Release|Any CPU.Build.0 = Release|Any CPU
	EndGlobalSection
EndGlobal
