
Microsoft Visual Studio Solution File, Format Version 12.00
Project("{2150E333-8FDC-42A3-9474-1A3956D46DE8}") = "Items", "Items", "{A8FC149F-D1FA-4776-8699-795732200090}"
	ProjectSection(SolutionItems) = preProject
		docker-compose.yaml = docker-compose.yaml
		.editorconfig = .editorconfig
	EndProjectSection
EndProject
Project("{FAE04EC0-301F-11D3-BF4B-00C04F79EFBC}") = "Agent.WindowsService", "src\Agent.WindowsService\Agent.WindowsService.csproj", "{AE957F8E-9B37-4BA1-A223-F43B0FD14B1A}"
EndProject
Project("{2150E333-8FDC-42A3-9474-1A3956D46DE8}") = "New", "New", "{196A871C-8ACE-48D5-B7E6-9AD30959FB51}"
EndProject
Project("{FAE04EC0-301F-11D3-BF4B-00C04F79EFBC}") = "WebApi", "src\WebApi\WebApi.csproj", "{8CEFAA01-7D79-4EF1-B541-9F6135EBD297}"
EndProject
Project("{FAE04EC0-301F-11D3-BF4B-00C04F79EFBC}") = "Common", "src\Common\Common.csproj", "{F7219C52-59C4-4E33-9A88-5CD99F080213}"
EndProject
Global
	GlobalSection(SolutionConfigurationPlatforms) = preSolution
		Debug|Any CPU = Debug|Any CPU
		Release|Any CPU = Release|Any CPU
	EndGlobalSection
	GlobalSection(NestedProjects) = preSolution
		{AE957F8E-9B37-4BA1-A223-F43B0FD14B1A} = {196A871C-8ACE-48D5-B7E6-9AD30959FB51}
		{8CEFAA01-7D79-4EF1-B541-9F6135EBD297} = {196A871C-8ACE-48D5-B7E6-9AD30959FB51}
		{A8FC149F-D1FA-4776-8699-795732200090} = {196A871C-8ACE-48D5-B7E6-9AD30959FB51}
		{F7219C52-59C4-4E33-9A88-5CD99F080213} = {196A871C-8ACE-48D5-B7E6-9AD30959FB51}
	EndGlobalSection
	GlobalSection(ProjectConfigurationPlatforms) = postSolution
		{AE957F8E-9B37-4BA1-A223-F43B0FD14B1A}.Debug|Any CPU.ActiveCfg = Debug|Any CPU
		{AE957F8E-9B37-4BA1-A223-F43B0FD14B1A}.Debug|Any CPU.Build.0 = Debug|Any CPU
		{AE957F8E-9B37-4BA1-A223-F43B0FD14B1A}.Release|Any CPU.ActiveCfg = Release|Any CPU
		{AE957F8E-9B37-4BA1-A223-F43B0FD14B1A}.Release|Any CPU.Build.0 = Release|Any CPU
		{8CEFAA01-7D79-4EF1-B541-9F6135EBD297}.Debug|Any CPU.ActiveCfg = Debug|Any CPU
		{8CEFAA01-7D79-4EF1-B541-9F6135EBD297}.Debug|Any CPU.Build.0 = Debug|Any CPU
		{8CEFAA01-7D79-4EF1-B541-9F6135EBD297}.Release|Any CPU.ActiveCfg = Release|Any CPU
		{8CEFAA01-7D79-4EF1-B541-9F6135EBD297}.Release|Any CPU.Build.0 = Release|Any CPU
		{F7219C52-59C4-4E33-9A88-5CD99F080213}.Debug|Any CPU.ActiveCfg = Debug|Any CPU
		{F7219C52-59C4-4E33-9A88-5CD99F080213}.Debug|Any CPU.Build.0 = Debug|Any CPU
		{F7219C52-59C4-4E33-9A88-5CD99F080213}.Release|Any CPU.ActiveCfg = Release|Any CPU
		{F7219C52-59C4-4E33-9A88-5CD99F080213}.Release|Any CPU.Build.0 = Release|Any CPU
	EndGlobalSection
EndGlobal
